
Microsoft Visual Studio Solution File, Format Version 12.00
# Visual Studio Version 17
VisualStudioVersion = 17.4.33103.184
MinimumVisualStudioVersion = 10.0.40219.1
Project("{FAE04EC0-301F-11D3-BF4B-00C04F79EFBC}") = "FuzzyRules", "FuzzyRules\FuzzyRules.csproj", "{6DA28415-B00E-40D4-87C8-607EA8768908}"
EndProject
Global
	GlobalSection(SolutionConfigurationPlatforms) = preSolution
		Debug|Any CPU = Debug|Any CPU
		Release|Any CPU = Release|Any CPU
	EndGlobalSection
	GlobalSection(ProjectConfigurationPlatforms) = postSolution
		{6DA28415-B00E-40D4-87C8-607EA8768908}.Debug|Any CPU.ActiveCfg = Debug|Any CPU
		{6DA28415-B00E-40D4-87C8-607EA8768908}.Debug|Any CPU.Build.0 = Debug|Any CPU
		{6DA28415-B00E-40D4-87C8-607EA8768908}.Release|Any CPU.ActiveCfg = Release|Any CPU
		{6DA28415-B00E-40D4-87C8-607EA8768908}.Release|Any CPU.Build.0 = Release|Any CPU
	EndGlobalSection
	GlobalSection(SolutionProperties) = preSolution
		HideSolutionNode = FALSE
	EndGlobalSection
	GlobalSection(ExtensibilityGlobals) = postSolution
		SolutionGuid = {67A522EC-6F84-400B-8B4A-BB563CED8628}
	EndGlobalSection
EndGlobal
